
Microsoft Visual Studio Solution File, Format Version 12.00
# Visual Studio 2015
Project("{FAE04EC0-301F-11D3-BF4B-00C04F79EFBC}") = "thevigilante.CSharp.Plugins", "thevigilante.CSharp.Plugins.csproj", "{64141792-F69E-BA21-297A-93344D204DD6}"
EndProject
Project("{FAE04EC0-301F-11D3-BF4B-00C04F79EFBC}") = "thevigilante.CSharp", "thevigilante.CSharp.csproj", "{14745B93-F029-E1E3-F5E2-5A8C2301D689}"
EndProject
Project("{FAE04EC0-301F-11D3-BF4B-00C04F79EFBC}") = "thevigilante.CSharp.Editor", "thevigilante.CSharp.Editor.csproj", "{7C3515F9-D1BC-209A-B735-355B83A1A095}"
EndProject
Global
	GlobalSection(SolutionConfigurationPlatforms) = preSolution
		Debug|Any CPU = Debug|Any CPU
		Release|Any CPU = Release|Any CPU
	EndGlobalSection
	GlobalSection(ProjectConfigurationPlatforms) = postSolution
		{64141792-F69E-BA21-297A-93344D204DD6}.Debug|Any CPU.ActiveCfg = Debug|Any CPU
		{64141792-F69E-BA21-297A-93344D204DD6}.Debug|Any CPU.Build.0 = Debug|Any CPU
		{64141792-F69E-BA21-297A-93344D204DD6}.Release|Any CPU.ActiveCfg = Release|Any CPU
		{64141792-F69E-BA21-297A-93344D204DD6}.Release|Any CPU.Build.0 = Release|Any CPU
		{14745B93-F029-E1E3-F5E2-5A8C2301D689}.Debug|Any CPU.ActiveCfg = Debug|Any CPU
		{14745B93-F029-E1E3-F5E2-5A8C2301D689}.Debug|Any CPU.Build.0 = Debug|Any CPU
		{14745B93-F029-E1E3-F5E2-5A8C2301D689}.Release|Any CPU.ActiveCfg = Release|Any CPU
		{14745B93-F029-E1E3-F5E2-5A8C2301D689}.Release|Any CPU.Build.0 = Release|Any CPU
		{7C3515F9-D1BC-209A-B735-355B83A1A095}.Debug|Any CPU.ActiveCfg = Debug|Any CPU
		{7C3515F9-D1BC-209A-B735-355B83A1A095}.Debug|Any CPU.Build.0 = Debug|Any CPU
		{7C3515F9-D1BC-209A-B735-355B83A1A095}.Release|Any CPU.ActiveCfg = Release|Any CPU
		{7C3515F9-D1BC-209A-B735-355B83A1A095}.Release|Any CPU.Build.0 = Release|Any CPU
	EndGlobalSection
	GlobalSection(SolutionProperties) = preSolution
		HideSolutionNode = FALSE
	EndGlobalSection
EndGlobal
